{
  "name": "@civ-clone/library-civilization",
  "version": "0.1.0",
  "lockfileVersion": 2,
  "requires": true,
  "packages": {
    "": {
      "name": "@civ-clone/library-civilization",
      "version": "0.1.0",
      "license": "MIT",
      "dependencies": {
        "@civ-clone/base-civilization-american": "^0.1.0",
        "@civ-clone/base-civilization-aztec": "^0.1.0",
        "@civ-clone/base-civilization-babylonian": "^0.1.0",
        "@civ-clone/base-civilization-chinese": "^0.1.0",
        "@civ-clone/base-civilization-egyptian": "^0.1.0",
        "@civ-clone/base-civilization-english": "^0.1.0",
        "@civ-clone/base-civilization-french": "^0.1.0",
        "@civ-clone/base-civilization-german": "^0.1.0",
        "@civ-clone/base-civilization-greek": "^0.1.0",
        "@civ-clone/base-civilization-indian": "^0.1.0",
        "@civ-clone/base-civilization-mongol": "^0.1.0",
        "@civ-clone/base-civilization-roman": "^0.1.0",
        "@civ-clone/base-civilization-russian": "^0.1.0",
        "@civ-clone/base-civilization-zulu": "^0.1.0",
        "@civ-clone/base-leader-trait-aggression": "^0.1.0",
        "@civ-clone/base-leader-trait-development": "^0.1.0",
        "@civ-clone/base-leader-trait-militarism": "^0.1.0",
        "@civ-clone/core-civilization": "^0.1.0",
        "@civ-clone/core-player": "^0.1.7"
      },
      "devDependencies": {
        "@types/node": "^14.0.0",
        "prettier": "^2.0.0",
        "typescript": "^4.0.0"
      }
    },
    "node_modules/@civ-clone/base-civilization-american": {
      "version": "0.1.2",
      "resolved": "https://registry.npmjs.org/@civ-clone/base-civilization-american/-/base-civilization-american-0.1.2.tgz",
      "integrity": "sha512-5l0sUp/VAXSBkdTQp/pwaWm3JmZ5zUsHGFY7Bk3GfIF8rEOwfSRq4T6l8UK1V+eF5e0h6ZesA1mCP+eh+7Wo9w==",
      "dependencies": {
        "@civ-clone/core-civilization": "^0.1.0"
      }
    },
    "node_modules/@civ-clone/base-civilization-aztec": {
      "version": "0.1.1",
      "resolved": "https://registry.npmjs.org/@civ-clone/base-civilization-aztec/-/base-civilization-aztec-0.1.1.tgz",
      "integrity": "sha512-B820NouUmn7Rq4V0QY45gOVAzf/ohS1/VFKQGfjOqAWyVc0Jtu6CoH1e8+9WiIo+TepuboLZlbJH7W25KWCA+g==",
      "dependencies": {
        "@civ-clone/core-civilization": "^0.1.0"
      }
    },
    "node_modules/@civ-clone/base-civilization-babylonian": {
      "version": "0.1.1",
      "resolved": "https://registry.npmjs.org/@civ-clone/base-civilization-babylonian/-/base-civilization-babylonian-0.1.1.tgz",
      "integrity": "sha512-mjWz7nrbypWVbWYEPw4RezBjFEnSOBWmnqEg8JL1UXVU1EGgkNfnez5hyCIxq5dd6FvHitC9ap8EEbwR4ILMaA==",
      "dependencies": {
        "@civ-clone/core-civilization": "^0.1.0"
      }
    },
    "node_modules/@civ-clone/base-civilization-chinese": {
      "version": "0.1.2",
      "resolved": "https://registry.npmjs.org/@civ-clone/base-civilization-chinese/-/base-civilization-chinese-0.1.2.tgz",
      "integrity": "sha512-UnalI6452Jq/KpxtqVjkKlYKlFIUyf1PtrD5j2jRcQg8Cmal5b8UisuOMyl+NQm78xs/LbnaZOLvXSK8EPzBsA==",
      "dependencies": {
        "@civ-clone/core-civilization": "^0.1.0"
      }
    },
    "node_modules/@civ-clone/base-civilization-egyptian": {
      "version": "0.1.1",
      "resolved": "https://registry.npmjs.org/@civ-clone/base-civilization-egyptian/-/base-civilization-egyptian-0.1.1.tgz",
      "integrity": "sha512-GuZAcer27xab2HeEWF2JF/o2PCsUguZCH20Sh4mOG/FQ6C/3H1V7OkogdhrcMMUO4jvYe35XXrrUq7fWNfDgnA==",
      "dependencies": {
        "@civ-clone/core-civilization": "^0.1.0"
      }
    },
    "node_modules/@civ-clone/base-civilization-english": {
      "version": "0.1.1",
      "resolved": "https://registry.npmjs.org/@civ-clone/base-civilization-english/-/base-civilization-english-0.1.1.tgz",
      "integrity": "sha512-nZLSsSUKjPHCgty8/unTnT/hKIShmgh9hhvgtNwey5bQ22PDV9zgbXTkj226z0MR1LAV+P3FN4UAgW410U/BVA==",
      "dependencies": {
        "@civ-clone/core-civilization": "^0.1.0"
      }
    },
    "node_modules/@civ-clone/base-civilization-french": {
      "version": "0.1.2",
      "resolved": "https://registry.npmjs.org/@civ-clone/base-civilization-french/-/base-civilization-french-0.1.2.tgz",
      "integrity": "sha512-P9NrZ6ZqQ+91p26tmac1uOOu0ohnjRByuVEq1uFIJckPgTv06QZgwv+ZBepa1jx4hcfyc9+R04fXsx+fHFVWYA==",
      "dependencies": {
        "@civ-clone/core-civilization": "^0.1.0"
      }
    },
    "node_modules/@civ-clone/base-civilization-german": {
      "version": "0.1.1",
      "resolved": "https://registry.npmjs.org/@civ-clone/base-civilization-german/-/base-civilization-german-0.1.1.tgz",
      "integrity": "sha512-YmnUtWGy9yc1HoQ4Kac1otjPQHPzssquDWfofgfUgS1RzUqCwEw+2Cc1um7A6f7Ps7J2S11/E+3Uu/eKzjP43A==",
      "dependencies": {
        "@civ-clone/core-civilization": "^0.1.0"
      }
    },
    "node_modules/@civ-clone/base-civilization-greek": {
      "version": "0.1.3",
      "resolved": "https://registry.npmjs.org/@civ-clone/base-civilization-greek/-/base-civilization-greek-0.1.3.tgz",
      "integrity": "sha512-9Q+Qt916aP/mqn/XAE0i9LyCMFT6omO5+7rQuUmc/xuOw9CPXEf5jJtE/LeQBjLjrWmAvAaD/HBDT6x4GSU1dw==",
      "dependencies": {
        "@civ-clone/core-civilization": "^0.1.0"
      }
    },
    "node_modules/@civ-clone/base-civilization-indian": {
      "version": "0.1.3",
      "resolved": "https://registry.npmjs.org/@civ-clone/base-civilization-indian/-/base-civilization-indian-0.1.3.tgz",
      "integrity": "sha512-aURZ+yz8SnrmK2P9tKVsvdJfzuUPGL4T3Lc76VqtD9EJ84Oi9uvIughzTTA68k5lUNvVZLNloD+ZKd2osPw20w==",
      "dependencies": {
        "@civ-clone/core-civilization": "^0.1.0"
      }
    },
    "node_modules/@civ-clone/base-civilization-mongol": {
      "version": "0.1.1",
      "resolved": "https://registry.npmjs.org/@civ-clone/base-civilization-mongol/-/base-civilization-mongol-0.1.1.tgz",
      "integrity": "sha512-gSwGd2Kn1NH77W1cN910u1CgeVLkKjuLUv4UHEBVeyGrnj/QUOiI3EHAZG3k0q2gvtZQx02ZXSeyNh7NqOwdiw==",
      "dependencies": {
        "@civ-clone/core-civilization": "^0.1.0"
      }
    },
    "node_modules/@civ-clone/base-civilization-roman": {
      "version": "0.1.3",
      "resolved": "https://registry.npmjs.org/@civ-clone/base-civilization-roman/-/base-civilization-roman-0.1.3.tgz",
      "integrity": "sha512-PyrhpkAwl+1ChoN0sdBTGDQ9nx7RZfiXPnHulzdTj6WHyhznMRVZyKNDm91uNjIWQ5+aU46+3YFyOCpeOcGT4Q==",
      "dependencies": {
        "@civ-clone/core-civilization": "^0.1.0"
      }
    },
    "node_modules/@civ-clone/base-civilization-russian": {
      "version": "0.1.1",
      "resolved": "https://registry.npmjs.org/@civ-clone/base-civilization-russian/-/base-civilization-russian-0.1.1.tgz",
      "integrity": "sha512-ZLyQpQxKCUrBcR3XamQCyQuZy2AKC8NEkpXONH07RoQVfj3Emx9HlJ3BVQW5z8br3X3Vll6u+sti6N7UCGV9fg==",
      "dependencies": {
        "@civ-clone/core-civilization": "^0.1.0"
      }
    },
    "node_modules/@civ-clone/base-civilization-zulu": {
      "version": "0.1.1",
      "resolved": "https://registry.npmjs.org/@civ-clone/base-civilization-zulu/-/base-civilization-zulu-0.1.1.tgz",
      "integrity": "sha512-tlkMOcdOAe80mUwvgXXo+49Zf3k2y3i3kFpTW4AkuCXnhZcWWjsR6C1FtMCxAn544Uk0WIQPqssxSl1a71skHg==",
      "dependencies": {
        "@civ-clone/core-civilization": "^0.1.0"
      }
    },
    "node_modules/@civ-clone/base-leader-trait-aggression": {
      "version": "0.1.0",
      "resolved": "https://registry.npmjs.org/@civ-clone/base-leader-trait-aggression/-/base-leader-trait-aggression-0.1.0.tgz",
      "integrity": "sha512-r8U/1dTIBCkNUcx3d1FfZweESaYqMoye4L6ESAGMNGXJ4iw9WtPor+kdylRpK/42oQZ5rsv6rgEj+swgGbGSPw==",
      "dependencies": {
        "@civ-clone/core-civilization": "^0.1.0"
      }
    },
    "node_modules/@civ-clone/base-leader-trait-development": {
      "version": "0.1.0",
      "resolved": "https://registry.npmjs.org/@civ-clone/base-leader-trait-development/-/base-leader-trait-development-0.1.0.tgz",
      "integrity": "sha512-NBbFaSpu9ghfZ8vvzrOUKf/00Z6qwotqwguIcVkcyBvO62QAc9XHrgLduS9W+SGh/Z7dGT2Hq3XE44c3YGrGaQ==",
      "dependencies": {
        "@civ-clone/core-civilization": "^0.1.0"
      }
    },
    "node_modules/@civ-clone/base-leader-trait-militarism": {
      "version": "0.1.0",
      "resolved": "https://registry.npmjs.org/@civ-clone/base-leader-trait-militarism/-/base-leader-trait-militarism-0.1.0.tgz",
      "integrity": "sha512-CRxv7u+QOAT2MNqiuNnwGZ9QHO0UEUigzhQRCWfBre7CqLfYFP8Aa5QzrRr4HbQNOM4vm0VdXwSYwj+Z4CjAPw==",
      "dependencies": {
        "@civ-clone/core-civilization": "^0.1.0"
      }
    },
    "node_modules/@civ-clone/core-civilization": {
      "version": "0.1.3",
      "resolved": "https://registry.npmjs.org/@civ-clone/core-civilization/-/core-civilization-0.1.3.tgz",
      "integrity": "sha512-G4nwynXc8LobBphSNEshmfDs+94sj6UdMFlpEDvleAG13hMOPC5WtKCPSwpGpxfRaQwGS3lkyuYx5MNF4cA6sw==",
      "dependencies": {
        "@civ-clone/core-data-object": "^0.1.0",
        "@civ-clone/core-registry": "^0.1.0",
        "@civ-clone/core-yield": "^0.1.0"
      }
    },
    "node_modules/@civ-clone/core-data-object": {
      "version": "0.1.12",
      "resolved": "https://registry.npmjs.org/@civ-clone/core-data-object/-/core-data-object-0.1.12.tgz",
      "integrity": "sha512-hvDWU9QGNnejrcmJAzoKROMtRumpGKF7fxDMDaEK+qiBiLcHsEWvHpATzGeuah6AFqVuWtzbbxn5zDw0Aq+bOQ==",
      "dependencies": {
        "@civ-clone/core-registry": "^0.1.0"
      }
    },
    "node_modules/@civ-clone/core-player": {
      "version": "0.1.7",
      "resolved": "https://registry.npmjs.org/@civ-clone/core-player/-/core-player-0.1.7.tgz",
      "integrity": "sha512-z3kuSE3LA5/U1u0O6MNGnt7AjskMu6zKfMxgYF9+ZgZlFxfxi2DFqu/owuaRH7qZaAbELq9iKLwY6Z4PiisLUg==",
      "dependencies": {
        "@civ-clone/core-civilization": "^0.1.0",
        "@civ-clone/core-data-object": "^0.1.0",
        "@civ-clone/core-registry": "^0.1.0",
        "@civ-clone/core-rule": "^0.1.0",
        "@civ-clone/core-world": "^0.1.10"
      }
    },
    "node_modules/@civ-clone/core-registry": {
      "version": "0.1.1",
      "resolved": "https://registry.npmjs.org/@civ-clone/core-registry/-/core-registry-0.1.1.tgz",
      "integrity": "sha512-QmeffB0fmNLjIQMAgiZBQugOqWhOzgDpzgKB4KQtdkMrhjKV0jZw2VfM0mbEyqqem4hrSLsbrLkcA9aJh5NMXw=="
    },
    "node_modules/@civ-clone/core-rule": {
      "version": "0.1.3",
      "resolved": "https://registry.npmjs.org/@civ-clone/core-rule/-/core-rule-0.1.3.tgz",
      "integrity": "sha512-mAN8Mc2TiT8ulGWTCVhWo5UwxR4PjN3I5BLQYQ8bVy750iw4cLHoib/tRKXkYS1Qm0ETiI7c9GEMdYNDBdZ+pQ==",
      "dependencies": {
        "@civ-clone/core-registry": "^0.1.0"
      }
    },
    "node_modules/@civ-clone/core-terrain": {
      "version": "0.1.2",
      "resolved": "https://registry.npmjs.org/@civ-clone/core-terrain/-/core-terrain-0.1.2.tgz",
      "integrity": "sha512-eFBRIri06plxKQHtTtJIKnbl211HhylXInveeN7XqRvJUXq0paiwksI8Z7AqN5M+6bDe8OO+SXXnHwVdg1J8Dg==",
      "dependencies": {
        "@civ-clone/core-data-object": "^0.1.0",
        "@civ-clone/core-registry": "^0.1.0",
        "@civ-clone/core-rule": "^0.1.0"
      }
    },
    "node_modules/@civ-clone/core-world": {
      "version": "0.1.10",
      "resolved": "https://registry.npmjs.org/@civ-clone/core-world/-/core-world-0.1.10.tgz",
      "integrity": "sha512-H1pcRIZhArVgRhFOW9VS2khNeYu30GmR+gSxlVF08KA6O7y2ks3k0C23EPjTcox9/ytBumRZhA85HxmPNFgGFw==",
      "dependencies": {
        "@civ-clone/core-data-object": "^0.1.0",
        "@civ-clone/core-player": "^0.1.0",
        "@civ-clone/core-registry": "^0.1.0",
        "@civ-clone/core-rule": "^0.1.0",
        "@civ-clone/core-terrain": "^0.1.0",
        "@civ-clone/core-world-generator": "^0.1.0",
        "@civ-clone/core-yield": "^0.1.0"
      }
    },
    "node_modules/@civ-clone/core-world-generator": {
      "version": "0.1.3",
      "resolved": "https://registry.npmjs.org/@civ-clone/core-world-generator/-/core-world-generator-0.1.3.tgz",
      "integrity": "sha512-6Q7VNisEAnh6kYxMDDuLTHof+l+u0oWMq7vCe+P7srK3H9tF0w0C0hl6DyziUn3shgp/2mjWBZngWm0/8PV0bw==",
      "dependencies": {
        "@civ-clone/core-player": "^0.1.6",
        "@civ-clone/core-registry": "^0.1.0",
        "@civ-clone/core-rule": "^0.1.0",
        "@civ-clone/core-terrain": "^0.1.0",
        "@civ-clone/core-world": "^0.1.10"
      }
    },
    "node_modules/@civ-clone/core-yield": {
      "version": "0.1.4",
      "resolved": "https://registry.npmjs.org/@civ-clone/core-yield/-/core-yield-0.1.4.tgz",
      "integrity": "sha512-zXUcbQpmutleplRbwRU5O0Z/QAtBdGExpPC5UfoX34XvfkZN68A1O0PQf1xNL+5i4jHyUNldh0+biUnbzI4sWg==",
      "dependencies": {
        "@civ-clone/core-data-object": "^0.1.0",
        "@civ-clone/core-registry": "^0.1.0"
      }
    },
    "node_modules/@types/node": {
      "version": "14.18.42",
      "resolved": "https://registry.npmjs.org/@types/node/-/node-14.18.42.tgz",
      "integrity": "sha512-xefu+RBie4xWlK8hwAzGh3npDz/4VhF6icY/shU+zv/1fNn+ZVG7T7CRwe9LId9sAYRPxI+59QBPuKL3WpyGRg==",
      "dev": true
    },
    "node_modules/prettier": {
      "version": "2.8.7",
      "resolved": "https://registry.npmjs.org/prettier/-/prettier-2.8.7.tgz",
      "integrity": "sha512-yPngTo3aXUUmyuTjeTUT75txrf+aMh9FiD7q9ZE/i6r0bPb22g4FsE6Y338PQX1bmfy08i9QQCB7/rcUAVntfw==",
      "dev": true,
      "bin": {
        "prettier": "bin-prettier.js"
      },
      "engines": {
        "node": ">=10.13.0"
      },
      "funding": {
        "url": "https://github.com/prettier/prettier?sponsor=1"
      }
    },
    "node_modules/typescript": {
      "version": "4.9.5",
      "resolved": "https://registry.npmjs.org/typescript/-/typescript-4.9.5.tgz",
      "integrity": "sha512-1FXk9E2Hm+QzZQ7z+McJiHL4NW1F2EzMu9Nq9i3zAaGqibafqYwCVU6WyWAuyQRRzOlxou8xZSyXLEN8oKj24g==",
      "dev": true,
      "bin": {
        "tsc": "bin/tsc",
        "tsserver": "bin/tsserver"
      },
      "engines": {
        "node": ">=4.2.0"
      }
    }
  },
  "dependencies": {
    "@civ-clone/base-civilization-american": {
      "version": "0.1.2",
      "resolved": "https://registry.npmjs.org/@civ-clone/base-civilization-american/-/base-civilization-american-0.1.2.tgz",
      "integrity": "sha512-5l0sUp/VAXSBkdTQp/pwaWm3JmZ5zUsHGFY7Bk3GfIF8rEOwfSRq4T6l8UK1V+eF5e0h6ZesA1mCP+eh+7Wo9w==",
      "requires": {
        "@civ-clone/core-civilization": "^0.1.0"
      }
    },
    "@civ-clone/base-civilization-aztec": {
      "version": "0.1.1",
      "resolved": "https://registry.npmjs.org/@civ-clone/base-civilization-aztec/-/base-civilization-aztec-0.1.1.tgz",
      "integrity": "sha512-B820NouUmn7Rq4V0QY45gOVAzf/ohS1/VFKQGfjOqAWyVc0Jtu6CoH1e8+9WiIo+TepuboLZlbJH7W25KWCA+g==",
      "requires": {
        "@civ-clone/core-civilization": "^0.1.0"
      }
    },
    "@civ-clone/base-civilization-babylonian": {
      "version": "0.1.1",
      "resolved": "https://registry.npmjs.org/@civ-clone/base-civilization-babylonian/-/base-civilization-babylonian-0.1.1.tgz",
      "integrity": "sha512-mjWz7nrbypWVbWYEPw4RezBjFEnSOBWmnqEg8JL1UXVU1EGgkNfnez5hyCIxq5dd6FvHitC9ap8EEbwR4ILMaA==",
      "requires": {
        "@civ-clone/core-civilization": "^0.1.0"
      }
    },
    "@civ-clone/base-civilization-chinese": {
      "version": "0.1.2",
      "resolved": "https://registry.npmjs.org/@civ-clone/base-civilization-chinese/-/base-civilization-chinese-0.1.2.tgz",
      "integrity": "sha512-UnalI6452Jq/KpxtqVjkKlYKlFIUyf1PtrD5j2jRcQg8Cmal5b8UisuOMyl+NQm78xs/LbnaZOLvXSK8EPzBsA==",
      "requires": {
        "@civ-clone/core-civilization": "^0.1.0"
      }
    },
    "@civ-clone/base-civilization-egyptian": {
      "version": "0.1.1",
      "resolved": "https://registry.npmjs.org/@civ-clone/base-civilization-egyptian/-/base-civilization-egyptian-0.1.1.tgz",
      "integrity": "sha512-GuZAcer27xab2HeEWF2JF/o2PCsUguZCH20Sh4mOG/FQ6C/3H1V7OkogdhrcMMUO4jvYe35XXrrUq7fWNfDgnA==",
      "requires": {
        "@civ-clone/core-civilization": "^0.1.0"
      }
    },
    "@civ-clone/base-civilization-english": {
      "version": "0.1.1",
      "resolved": "https://registry.npmjs.org/@civ-clone/base-civilization-english/-/base-civilization-english-0.1.1.tgz",
      "integrity": "sha512-nZLSsSUKjPHCgty8/unTnT/hKIShmgh9hhvgtNwey5bQ22PDV9zgbXTkj226z0MR1LAV+P3FN4UAgW410U/BVA==",
      "requires": {
        "@civ-clone/core-civilization": "^0.1.0"
      }
    },
    "@civ-clone/base-civilization-french": {
      "version": "0.1.2",
      "resolved": "https://registry.npmjs.org/@civ-clone/base-civilization-french/-/base-civilization-french-0.1.2.tgz",
      "integrity": "sha512-P9NrZ6ZqQ+91p26tmac1uOOu0ohnjRByuVEq1uFIJckPgTv06QZgwv+ZBepa1jx4hcfyc9+R04fXsx+fHFVWYA==",
      "requires": {
        "@civ-clone/core-civilization": "^0.1.0"
      }
    },
    "@civ-clone/base-civilization-german": {
      "version": "0.1.1",
      "resolved": "https://registry.npmjs.org/@civ-clone/base-civilization-german/-/base-civilization-german-0.1.1.tgz",
      "integrity": "sha512-YmnUtWGy9yc1HoQ4Kac1otjPQHPzssquDWfofgfUgS1RzUqCwEw+2Cc1um7A6f7Ps7J2S11/E+3Uu/eKzjP43A==",
      "requires": {
        "@civ-clone/core-civilization": "^0.1.0"
      }
    },
    "@civ-clone/base-civilization-greek": {
      "version": "0.1.3",
      "resolved": "https://registry.npmjs.org/@civ-clone/base-civilization-greek/-/base-civilization-greek-0.1.3.tgz",
      "integrity": "sha512-9Q+Qt916aP/mqn/XAE0i9LyCMFT6omO5+7rQuUmc/xuOw9CPXEf5jJtE/LeQBjLjrWmAvAaD/HBDT6x4GSU1dw==",
      "requires": {
        "@civ-clone/core-civilization": "^0.1.0"
      }
    },
    "@civ-clone/base-civilization-indian": {
      "version": "0.1.3",
      "resolved": "https://registry.npmjs.org/@civ-clone/base-civilization-indian/-/base-civilization-indian-0.1.3.tgz",
      "integrity": "sha512-aURZ+yz8SnrmK2P9tKVsvdJfzuUPGL4T3Lc76VqtD9EJ84Oi9uvIughzTTA68k5lUNvVZLNloD+ZKd2osPw20w==",
      "requires": {
        "@civ-clone/core-civilization": "^0.1.0"
      }
    },
    "@civ-clone/base-civilization-mongol": {
      "version": "0.1.1",
      "resolved": "https://registry.npmjs.org/@civ-clone/base-civilization-mongol/-/base-civilization-mongol-0.1.1.tgz",
      "integrity": "sha512-gSwGd2Kn1NH77W1cN910u1CgeVLkKjuLUv4UHEBVeyGrnj/QUOiI3EHAZG3k0q2gvtZQx02ZXSeyNh7NqOwdiw==",
      "requires": {
        "@civ-clone/core-civilization": "^0.1.0"
      }
    },
    "@civ-clone/base-civilization-roman": {
      "version": "0.1.3",
      "resolved": "https://registry.npmjs.org/@civ-clone/base-civilization-roman/-/base-civilization-roman-0.1.3.tgz",
      "integrity": "sha512-PyrhpkAwl+1ChoN0sdBTGDQ9nx7RZfiXPnHulzdTj6WHyhznMRVZyKNDm91uNjIWQ5+aU46+3YFyOCpeOcGT4Q==",
      "requires": {
        "@civ-clone/core-civilization": "^0.1.0"
      }
    },
    "@civ-clone/base-civilization-russian": {
      "version": "0.1.1",
      "resolved": "https://registry.npmjs.org/@civ-clone/base-civilization-russian/-/base-civilization-russian-0.1.1.tgz",
      "integrity": "sha512-ZLyQpQxKCUrBcR3XamQCyQuZy2AKC8NEkpXONH07RoQVfj3Emx9HlJ3BVQW5z8br3X3Vll6u+sti6N7UCGV9fg==",
      "requires": {
        "@civ-clone/core-civilization": "^0.1.0"
      }
    },
    "@civ-clone/base-civilization-zulu": {
      "version": "0.1.1",
      "resolved": "https://registry.npmjs.org/@civ-clone/base-civilization-zulu/-/base-civilization-zulu-0.1.1.tgz",
      "integrity": "sha512-tlkMOcdOAe80mUwvgXXo+49Zf3k2y3i3kFpTW4AkuCXnhZcWWjsR6C1FtMCxAn544Uk0WIQPqssxSl1a71skHg==",
      "requires": {
        "@civ-clone/core-civilization": "^0.1.0"
      }
    },
    "@civ-clone/base-leader-trait-aggression": {
      "version": "0.1.0",
      "resolved": "https://registry.npmjs.org/@civ-clone/base-leader-trait-aggression/-/base-leader-trait-aggression-0.1.0.tgz",
      "integrity": "sha512-r8U/1dTIBCkNUcx3d1FfZweESaYqMoye4L6ESAGMNGXJ4iw9WtPor+kdylRpK/42oQZ5rsv6rgEj+swgGbGSPw==",
      "requires": {
        "@civ-clone/core-civilization": "^0.1.0"
      }
    },
    "@civ-clone/base-leader-trait-development": {
      "version": "0.1.0",
      "resolved": "https://registry.npmjs.org/@civ-clone/base-leader-trait-development/-/base-leader-trait-development-0.1.0.tgz",
      "integrity": "sha512-NBbFaSpu9ghfZ8vvzrOUKf/00Z6qwotqwguIcVkcyBvO62QAc9XHrgLduS9W+SGh/Z7dGT2Hq3XE44c3YGrGaQ==",
      "requires": {
        "@civ-clone/core-civilization": "^0.1.0"
      }
    },
    "@civ-clone/base-leader-trait-militarism": {
      "version": "0.1.0",
      "resolved": "https://registry.npmjs.org/@civ-clone/base-leader-trait-militarism/-/base-leader-trait-militarism-0.1.0.tgz",
      "integrity": "sha512-CRxv7u+QOAT2MNqiuNnwGZ9QHO0UEUigzhQRCWfBre7CqLfYFP8Aa5QzrRr4HbQNOM4vm0VdXwSYwj+Z4CjAPw==",
      "requires": {
        "@civ-clone/core-civilization": "^0.1.0"
      }
    },
    "@civ-clone/core-civilization": {
      "version": "0.1.3",
      "resolved": "https://registry.npmjs.org/@civ-clone/core-civilization/-/core-civilization-0.1.3.tgz",
      "integrity": "sha512-G4nwynXc8LobBphSNEshmfDs+94sj6UdMFlpEDvleAG13hMOPC5WtKCPSwpGpxfRaQwGS3lkyuYx5MNF4cA6sw==",
      "requires": {
        "@civ-clone/core-data-object": "^0.1.0",
        "@civ-clone/core-registry": "^0.1.0",
        "@civ-clone/core-yield": "^0.1.0"
      }
    },
    "@civ-clone/core-data-object": {
      "version": "0.1.12",
      "resolved": "https://registry.npmjs.org/@civ-clone/core-data-object/-/core-data-object-0.1.12.tgz",
      "integrity": "sha512-hvDWU9QGNnejrcmJAzoKROMtRumpGKF7fxDMDaEK+qiBiLcHsEWvHpATzGeuah6AFqVuWtzbbxn5zDw0Aq+bOQ==",
      "requires": {
        "@civ-clone/core-registry": "^0.1.0"
      }
    },
    "@civ-clone/core-player": {
      "version": "0.1.7",
      "resolved": "https://registry.npmjs.org/@civ-clone/core-player/-/core-player-0.1.7.tgz",
      "integrity": "sha512-z3kuSE3LA5/U1u0O6MNGnt7AjskMu6zKfMxgYF9+ZgZlFxfxi2DFqu/owuaRH7qZaAbELq9iKLwY6Z4PiisLUg==",
      "requires": {
        "@civ-clone/core-civilization": "^0.1.0",
        "@civ-clone/core-data-object": "^0.1.0",
        "@civ-clone/core-registry": "^0.1.0",
        "@civ-clone/core-rule": "^0.1.0",
        "@civ-clone/core-world": "^0.1.10"
      }
    },
    "@civ-clone/core-registry": {
      "version": "0.1.1",
      "resolved": "https://registry.npmjs.org/@civ-clone/core-registry/-/core-registry-0.1.1.tgz",
      "integrity": "sha512-QmeffB0fmNLjIQMAgiZBQugOqWhOzgDpzgKB4KQtdkMrhjKV0jZw2VfM0mbEyqqem4hrSLsbrLkcA9aJh5NMXw=="
    },
    "@civ-clone/core-rule": {
      "version": "0.1.3",
      "resolved": "https://registry.npmjs.org/@civ-clone/core-rule/-/core-rule-0.1.3.tgz",
      "integrity": "sha512-mAN8Mc2TiT8ulGWTCVhWo5UwxR4PjN3I5BLQYQ8bVy750iw4cLHoib/tRKXkYS1Qm0ETiI7c9GEMdYNDBdZ+pQ==",
      "requires": {
        "@civ-clone/core-registry": "^0.1.0"
      }
    },
    "@civ-clone/core-terrain": {
      "version": "0.1.2",
      "resolved": "https://registry.npmjs.org/@civ-clone/core-terrain/-/core-terrain-0.1.2.tgz",
      "integrity": "sha512-eFBRIri06plxKQHtTtJIKnbl211HhylXInveeN7XqRvJUXq0paiwksI8Z7AqN5M+6bDe8OO+SXXnHwVdg1J8Dg==",
      "requires": {
        "@civ-clone/core-data-object": "^0.1.0",
        "@civ-clone/core-registry": "^0.1.0",
        "@civ-clone/core-rule": "^0.1.0"
      }
    },
    "@civ-clone/core-world": {
      "version": "0.1.10",
      "resolved": "https://registry.npmjs.org/@civ-clone/core-world/-/core-world-0.1.10.tgz",
      "integrity": "sha512-H1pcRIZhArVgRhFOW9VS2khNeYu30GmR+gSxlVF08KA6O7y2ks3k0C23EPjTcox9/ytBumRZhA85HxmPNFgGFw==",
      "requires": {
        "@civ-clone/core-data-object": "^0.1.0",
        "@civ-clone/core-player": "^0.1.0",
        "@civ-clone/core-registry": "^0.1.0",
        "@civ-clone/core-rule": "^0.1.0",
        "@civ-clone/core-terrain": "^0.1.0",
        "@civ-clone/core-world-generator": "^0.1.0",
        "@civ-clone/core-yield": "^0.1.0"
      }
    },
    "@civ-clone/core-world-generator": {
      "version": "0.1.3",
      "resolved": "https://registry.npmjs.org/@civ-clone/core-world-generator/-/core-world-generator-0.1.3.tgz",
      "integrity": "sha512-6Q7VNisEAnh6kYxMDDuLTHof+l+u0oWMq7vCe+P7srK3H9tF0w0C0hl6DyziUn3shgp/2mjWBZngWm0/8PV0bw==",
      "requires": {
        "@civ-clone/core-player": "^0.1.6",
        "@civ-clone/core-registry": "^0.1.0",
        "@civ-clone/core-rule": "^0.1.0",
        "@civ-clone/core-terrain": "^0.1.0",
        "@civ-clone/core-world": "^0.1.10"
      }
    },
    "@civ-clone/core-yield": {
      "version": "0.1.4",
      "resolved": "https://registry.npmjs.org/@civ-clone/core-yield/-/core-yield-0.1.4.tgz",
      "integrity": "sha512-zXUcbQpmutleplRbwRU5O0Z/QAtBdGExpPC5UfoX34XvfkZN68A1O0PQf1xNL+5i4jHyUNldh0+biUnbzI4sWg==",
      "requires": {
        "@civ-clone/core-data-object": "^0.1.0",
        "@civ-clone/core-registry": "^0.1.0"
      }
    },
    "@types/node": {
      "version": "14.18.42",
      "resolved": "https://registry.npmjs.org/@types/node/-/node-14.18.42.tgz",
      "integrity": "sha512-xefu+RBie4xWlK8hwAzGh3npDz/4VhF6icY/shU+zv/1fNn+ZVG7T7CRwe9LId9sAYRPxI+59QBPuKL3WpyGRg==",
      "dev": true
    },
    "prettier": {
      "version": "2.8.7",
      "resolved": "https://registry.npmjs.org/prettier/-/prettier-2.8.7.tgz",
      "integrity": "sha512-yPngTo3aXUUmyuTjeTUT75txrf+aMh9FiD7q9ZE/i6r0bPb22g4FsE6Y338PQX1bmfy08i9QQCB7/rcUAVntfw==",
      "dev": true
    },
    "typescript": {
      "version": "4.9.5",
      "resolved": "https://registry.npmjs.org/typescript/-/typescript-4.9.5.tgz",
      "integrity": "sha512-1FXk9E2Hm+QzZQ7z+McJiHL4NW1F2EzMu9Nq9i3zAaGqibafqYwCVU6WyWAuyQRRzOlxou8xZSyXLEN8oKj24g==",
      "dev": true
    }
  }
}
